
Microsoft Visual Studio Solution File, Format Version 12.00
# Visual Studio Version 16
VisualStudioVersion = 16.0.30011.22
MinimumVisualStudioVersion = 10.0.40219.1
Project("{FAE04EC0-301F-11D3-BF4B-00C04F79EFBC}") = "TestBugEasyNetQ", "TestBugEasyNetQ\TestBugEasyNetQ.csproj", "{43B53007-65FD-460C-ABF8-BC983DE1E201}"
EndProject
Global
	GlobalSection(SolutionConfigurationPlatforms) = preSolution
		Debug|Any CPU = Debug|Any CPU
		Release|Any CPU = Release|Any CPU
	EndGlobalSection
	GlobalSection(ProjectConfigurationPlatforms) = postSolution
		{43B53007-65FD-460C-ABF8-BC983DE1E201}.Debug|Any CPU.ActiveCfg = Debug|Any CPU
		{43B53007-65FD-460C-ABF8-BC983DE1E201}.Debug|Any CPU.Build.0 = Debug|Any CPU
		{43B53007-65FD-460C-ABF8-BC983DE1E201}.Release|Any CPU.ActiveCfg = Release|Any CPU
		{43B53007-65FD-460C-ABF8-BC983DE1E201}.Release|Any CPU.Build.0 = Release|Any CPU
	EndGlobalSection
	GlobalSection(SolutionProperties) = preSolution
		HideSolutionNode = FALSE
	EndGlobalSection
	GlobalSection(ExtensibilityGlobals) = postSolution
		SolutionGuid = {5002D896-742A-48DB-91A6-D001C751B1C7}
	EndGlobalSection
EndGlobal
